{
    "version": 3,
    "terraform_version": "0.11.5",
    "serial": 9,
    "lineage": "285af217-a012-d42f-2334-41e5f85a0040",
    "modules": [
        {
            "path": [
                "root"
            ],
            "outputs": {},
            "resources": {
                "digitalocean_droplet.platzi-droplet.0": {
                    "type": "digitalocean_droplet",
                    "depends_on": [
                        "digitalocean_tag.platzi_tag"
                    ],
                    "primary": {
                        "id": "87360981",
                        "attributes": {
                            "disk": "20",
                            "id": "87360981",
                            "image": "32945817",
                            "ipv4_address": "167.99.208.139",
                            "locked": "false",
                            "name": "platzi-demo-v2",
                            "price_hourly": "0.00744",
                            "price_monthly": "5",
                            "region": "ams3",
                            "resize_disk": "true",
                            "size": "512mb",
                            "ssh_keys.#": "1",
                            "ssh_keys.0": "19435667",
                            "status": "active",
                            "tags.#": "1",
                            "tags.0": "platzi-fun",
                            "user_data": "#cloud-config\ncoreos:\n  units:\n    - name: \"platzi.service\"\n      command: \"start\"\n      content: |\n        [Unit]\n        Description=Platzi Demo\n        After=docker.service\n\n        [Service]\n        ExecStart=/usr/bin/docker run -d -p 3000:3000 platzi\n  ",
                            "vcpus": "1"
                        },
                        "meta": {},
                        "tainted": false
                    },
                    "deposed": [],
                    "provider": "provider.digitalocean"
                },
                "digitalocean_droplet.platzi-droplet.1": {
                    "type": "digitalocean_droplet",
                    "depends_on": [
                        "digitalocean_tag.platzi_tag"
                    ],
                    "primary": {
                        "id": "87360980",
                        "attributes": {
                            "disk": "20",
                            "id": "87360980",
                            "image": "32945817",
                            "ipv4_address": "167.99.39.157",
                            "locked": "false",
                            "name": "platzi-demo-v2",
                            "price_hourly": "0.00744",
                            "price_monthly": "5",
                            "region": "ams3",
                            "resize_disk": "true",
                            "size": "512mb",
                            "ssh_keys.#": "1",
                            "ssh_keys.0": "19435667",
                            "status": "active",
                            "tags.#": "1",
                            "tags.0": "platzi-fun",
                            "user_data": "#cloud-config\ncoreos:\n  units:\n    - name: \"platzi.service\"\n      command: \"start\"\n      content: |\n        [Unit]\n        Description=Platzi Demo\n        After=docker.service\n\n        [Service]\n        ExecStart=/usr/bin/docker run -d -p 3000:3000 platzi\n  ",
                            "vcpus": "1"
                        },
                        "meta": {},
                        "tainted": false
                    },
                    "deposed": [],
                    "provider": "provider.digitalocean"
                },
                "digitalocean_loadbalancer.platzi-lb": {
                    "type": "digitalocean_loadbalancer",
                    "depends_on": [
                        "digitalocean_tag.platzi_tag"
                    ],
                    "primary": {
                        "id": "45dd1cfd-db5d-4b51-a3cf-b4b0e2de1fd4",
                        "attributes": {
                            "algorithm": "round_robin",
                            "droplet_tag": "platzi-fun",
                            "forwarding_rule.#": "1",
                            "forwarding_rule.0.certificate_id": "",
                            "forwarding_rule.0.entry_port": "80",
                            "forwarding_rule.0.entry_protocol": "http",
                            "forwarding_rule.0.target_port": "3000",
                            "forwarding_rule.0.target_protocol": "http",
                            "forwarding_rule.0.tls_passthrough": "false",
                            "healthcheck.#": "1",
                            "healthcheck.0.check_interval_seconds": "10",
                            "healthcheck.0.healthy_threshold": "5",
                            "healthcheck.0.path": "/",
                            "healthcheck.0.port": "3000",
                            "healthcheck.0.protocol": "http",
                            "healthcheck.0.response_timeout_seconds": "5",
                            "healthcheck.0.unhealthy_threshold": "3",
                            "id": "45dd1cfd-db5d-4b51-a3cf-b4b0e2de1fd4",
                            "ip": "138.68.123.241",
                            "name": "platzi-lb",
                            "redirect_http_to_https": "false",
                            "region": "ams3",
                            "sticky_sessions.#": "1",
                            "sticky_sessions.0.cookie_name": "",
                            "sticky_sessions.0.cookie_ttl_seconds": "0",
                            "sticky_sessions.0.type": "none"
                        },
                        "meta": {},
                        "tainted": false
                    },
                    "deposed": [],
                    "provider": "provider.digitalocean"
                },
                "digitalocean_tag.platzi_tag": {
                    "type": "digitalocean_tag",
                    "depends_on": [],
                    "primary": {
                        "id": "platzi-fun",
                        "attributes": {
                            "id": "platzi-fun",
                            "name": "platzi-fun"
                        },
                        "meta": {},
                        "tainted": false
                    },
                    "deposed": [],
                    "provider": "provider.digitalocean"
                }
            },
            "depends_on": []
        }
    ]
}
